// !$*UTF8*$!
{
	archiveVersion = 1;
	classes = {
	};
	objectVersion = 56;
	objects = {

/* Begin PBXBuildFile section */
		0E858CF22B4F34B300B06E50 /* AppDelegate.swift in Sources */ = {isa = PBXBuildFile; fileRef = 0E858CF12B4F34B300B06E50 /* AppDelegate.swift */; };
		0E858CF42B4F34B300B06E50 /* SceneDelegate.swift in Sources */ = {isa = PBXBuildFile; fileRef = 0E858CF32B4F34B300B06E50 /* SceneDelegate.swift */; };
		0E858CF62B4F34B300B06E50 /* ViewController.swift in Sources */ = {isa = PBXBuildFile; fileRef = 0E858CF52B4F34B300B06E50 /* ViewController.swift */; };
		0E858CF92B4F34B300B06E50 /* Main.storyboard in Resources */ = {isa = PBXBuildFile; fileRef = 0E858CF72B4F34B300B06E50 /* Main.storyboard */; };
		0E858CFB2B4F34B400B06E50 /* Assets.xcassets in Resources */ = {isa = PBXBuildFile; fileRef = 0E858CFA2B4F34B400B06E50 /* Assets.xcassets */; };
		0E858CFE2B4F34B400B06E50 /* LaunchScreen.storyboard in Resources */ = {isa = PBXBuildFile; fileRef = 0E858CFC2B4F34B400B06E50 /* LaunchScreen.storyboard */; };
		0ECAFBE12B51366E00AD3CCB /* CryptoViewModel.swift in Sources */ = {isa = PBXBuildFile; fileRef = 0ECAFBE02B51366D00AD3CCB /* CryptoViewModel.swift */; };
		0ECAFBE42B515A1700AD3CCB /* RxCocoa in Frameworks */ = {isa = PBXBuildFile; productRef = 0ECAFBE32B515A1700AD3CCB /* RxCocoa */; };
		0ECAFBE62B515A1700AD3CCB /* RxSwift in Frameworks */ = {isa = PBXBuildFile; productRef = 0ECAFBE52B515A1700AD3CCB /* RxSwift */; };
		0EFF50292B4FB68F0013642E /* Crypto.swift in Sources */ = {isa = PBXBuildFile; fileRef = 0EFF50282B4FB68F0013642E /* Crypto.swift */; };
		0EFF502B2B4FC5160013642E /* Webservice.swift in Sources */ = {isa = PBXBuildFile; fileRef = 0EFF502A2B4FC5160013642E /* Webservice.swift */; };
/* End PBXBuildFile section */

/* Begin PBXFileReference section */
		0E858CEE2B4F34B300B06E50 /* CryptoApp-MVVM.app */ = {isa = PBXFileReference; explicitFileType = wrapper.application; includeInIndex = 0; path = "CryptoApp-MVVM.app"; sourceTree = BUILT_PRODUCTS_DIR; };
		0E858CF12B4F34B300B06E50 /* AppDelegate.swift */ = {isa = PBXFileReference; lastKnownFileType = sourcecode.swift; path = AppDelegate.swift; sourceTree = "<group>"; };
		0E858CF32B4F34B300B06E50 /* SceneDelegate.swift */ = {isa = PBXFileReference; lastKnownFileType = sourcecode.swift; path = SceneDelegate.swift; sourceTree = "<group>"; };
		0E858CF52B4F34B300B06E50 /* ViewController.swift */ = {isa = PBXFileReference; lastKnownFileType = sourcecode.swift; path = ViewController.swift; sourceTree = "<group>"; };
		0E858CF82B4F34B300B06E50 /* Base */ = {isa = PBXFileReference; lastKnownFileType = file.storyboard; name = Base; path = Base.lproj/Main.storyboard; sourceTree = "<group>"; };
		0E858CFA2B4F34B400B06E50 /* Assets.xcassets */ = {isa = PBXFileReference; lastKnownFileType = folder.assetcatalog; path = Assets.xcassets; sourceTree = "<group>"; };
		0E858CFD2B4F34B400B06E50 /* Base */ = {isa = PBXFileReference; lastKnownFileType = file.storyboard; name = Base; path = Base.lproj/LaunchScreen.storyboard; sourceTree = "<group>"; };
		0E858CFF2B4F34B400B06E50 /* Info.plist */ = {isa = PBXFileReference; lastKnownFileType = text.plist.xml; path = Info.plist; sourceTree = "<group>"; };
		0ECAFBE02B51366D00AD3CCB /* CryptoViewModel.swift */ = {isa = PBXFileReference; lastKnownFileType = sourcecode.swift; path = CryptoViewModel.swift; sourceTree = "<group>"; };
		0EFF50282B4FB68F0013642E /* Crypto.swift */ = {isa = PBXFileReference; lastKnownFileType = sourcecode.swift; path = Crypto.swift; sourceTree = "<group>"; };
		0EFF502A2B4FC5160013642E /* Webservice.swift */ = {isa = PBXFileReference; lastKnownFileType = sourcecode.swift; path = Webservice.swift; sourceTree = "<group>"; };
/* End PBXFileReference section */

/* Begin PBXFrameworksBuildPhase section */
		0E858CEB2B4F34B300B06E50 /* Frameworks */ = {
			isa = PBXFrameworksBuildPhase;
			buildActionMask = 2147483647;
			files = (
				0ECAFBE62B515A1700AD3CCB /* RxSwift in Frameworks */,
				0ECAFBE42B515A1700AD3CCB /* RxCocoa in Frameworks */,
			);
			runOnlyForDeploymentPostprocessing = 0;
		};
/* End PBXFrameworksBuildPhase section */

/* Begin PBXGroup section */
		0E858CE52B4F34B300B06E50 = {
			isa = PBXGroup;
			children = (
				0E858CF02B4F34B300B06E50 /* CryptoApp-MVVM */,
				0E858CEF2B4F34B300B06E50 /* Products */,
			);
			sourceTree = "<group>";
		};
		0E858CEF2B4F34B300B06E50 /* Products */ = {
			isa = PBXGroup;
			children = (
				0E858CEE2B4F34B300B06E50 /* CryptoApp-MVVM.app */,
			);
			name = Products;
			sourceTree = "<group>";
		};
		0E858CF02B4F34B300B06E50 /* CryptoApp-MVVM */ = {
			isa = PBXGroup;
			children = (
				0E858D072B4F370200B06E50 /* Services */,
				0E858D052B4F36F100B06E50 /* Model */,
				0E858D082B4F371600B06E50 /* ViewModel */,
				0E858D062B4F36F600B06E50 /* View */,
				0ECAFBE72B51611400AD3CCB /* App */,
				0E858CFA2B4F34B400B06E50 /* Assets.xcassets */,
				0E858CF72B4F34B300B06E50 /* Main.storyboard */,
				0E858CFC2B4F34B400B06E50 /* LaunchScreen.storyboard */,
				0E858CFF2B4F34B400B06E50 /* Info.plist */,
			);
			path = "CryptoApp-MVVM";
			sourceTree = "<group>";
		};
		0E858D052B4F36F100B06E50 /* Model */ = {
			isa = PBXGroup;
			children = (
				0EFF50282B4FB68F0013642E /* Crypto.swift */,
			);
			path = Model;
			sourceTree = "<group>";
		};
		0E858D062B4F36F600B06E50 /* View */ = {
			isa = PBXGroup;
			children = (
				0E858CF52B4F34B300B06E50 /* ViewController.swift */,
			);
			path = View;
			sourceTree = "<group>";
		};
		0E858D072B4F370200B06E50 /* Services */ = {
			isa = PBXGroup;
			children = (
				0EFF502A2B4FC5160013642E /* Webservice.swift */,
			);
			path = Services;
			sourceTree = "<group>";
		};
		0E858D082B4F371600B06E50 /* ViewModel */ = {
			isa = PBXGroup;
			children = (
				0ECAFBE02B51366D00AD3CCB /* CryptoViewModel.swift */,
			);
			path = ViewModel;
			sourceTree = "<group>";
		};
		0ECAFBE72B51611400AD3CCB /* App */ = {
			isa = PBXGroup;
			children = (
				0E858CF32B4F34B300B06E50 /* SceneDelegate.swift */,
				0E858CF12B4F34B300B06E50 /* AppDelegate.swift */,
			);
			path = App;
			sourceTree = "<group>";
		};
/* End PBXGroup section */

/* Begin PBXNativeTarget section */
		0E858CED2B4F34B300B06E50 /* CryptoApp-MVVM */ = {
			isa = PBXNativeTarget;
			buildConfigurationList = 0E858D022B4F34B400B06E50 /* Build configuration list for PBXNativeTarget "CryptoApp-MVVM" */;
			buildPhases = (
				0E858CEA2B4F34B300B06E50 /* Sources */,
				0E858CEB2B4F34B300B06E50 /* Frameworks */,
				0E858CEC2B4F34B300B06E50 /* Resources */,
			);
			buildRules = (
			);
			dependencies = (
			);
			name = "CryptoApp-MVVM";
			packageProductDependencies = (
				0ECAFBE32B515A1700AD3CCB /* RxCocoa */,
				0ECAFBE52B515A1700AD3CCB /* RxSwift */,
			);
			productName = "CryptoApp-MVVM";
			productReference = 0E858CEE2B4F34B300B06E50 /* CryptoApp-MVVM.app */;
			productType = "com.apple.product-type.application";
		};
/* End PBXNativeTarget section */

/* Begin PBXProject section */
		0E858CE62B4F34B300B06E50 /* Project object */ = {
			isa = PBXProject;
			attributes = {
				BuildIndependentTargetsInParallel = 1;
				LastSwiftUpdateCheck = 1420;
				LastUpgradeCheck = 1420;
				TargetAttributes = {
					0E858CED2B4F34B300B06E50 = {
						CreatedOnToolsVersion = 14.2;
					};
				};
			};
			buildConfigurationList = 0E858CE92B4F34B300B06E50 /* Build configuration list for PBXProject "CryptoApp-MVVM" */;
			compatibilityVersion = "Xcode 14.0";
			developmentRegion = en;
			hasScannedForEncodings = 0;
			knownRegions = (
				en,
				Base,
			);
			mainGroup = 0E858CE52B4F34B300B06E50;
			packageReferences = (
				0ECAFBE22B515A1700AD3CCB /* XCRemoteSwiftPackageReference "RxSwift" */,
			);
			productRefGroup = 0E858CEF2B4F34B300B06E50 /* Products */;
			projectDirPath = "";
			projectRoot = "";
			targets = (
				0E858CED2B4F34B300B06E50 /* CryptoApp-MVVM */,
			);
		};
/* End PBXProject section */

/* Begin PBXResourcesBuildPhase section */
		0E858CEC2B4F34B300B06E50 /* Resources */ = {
			isa = PBXResourcesBuildPhase;
			buildActionMask = 2147483647;
			files = (
				0E858CFE2B4F34B400B06E50 /* LaunchScreen.storyboard in Resources */,
				0E858CFB2B4F34B400B06E50 /* Assets.xcassets in Resources */,
				0E858CF92B4F34B300B06E50 /* Main.storyboard in Resources */,
			);
			runOnlyForDeploymentPostprocessing = 0;
		};
/* End PBXResourcesBuildPhase section */

/* Begin PBXSourcesBuildPhase section */
		0E858CEA2B4F34B300B06E50 /* Sources */ = {
			isa = PBXSourcesBuildPhase;
			buildActionMask = 2147483647;
			files = (
				0EFF50292B4FB68F0013642E /* Crypto.swift in Sources */,
				0E858CF62B4F34B300B06E50 /* ViewController.swift in Sources */,
				0E858CF22B4F34B300B06E50 /* AppDelegate.swift in Sources */,
				0EFF502B2B4FC5160013642E /* Webservice.swift in Sources */,
				0E858CF42B4F34B300B06E50 /* SceneDelegate.swift in Sources */,
				0ECAFBE12B51366E00AD3CCB /* CryptoViewModel.swift in Sources */,
			);
			runOnlyForDeploymentPostprocessing = 0;
		};
/* End PBXSourcesBuildPhase section */

/* Begin PBXVariantGroup section */
		0E858CF72B4F34B300B06E50 /* Main.storyboard */ = {
			isa = PBXVariantGroup;
			children = (
				0E858CF82B4F34B300B06E50 /* Base */,
			);
			name = Main.storyboard;
			sourceTree = "<group>";
		};
		0E858CFC2B4F34B400B06E50 /* LaunchScreen.storyboard */ = {
			isa = PBXVariantGroup;
			children = (
				0E858CFD2B4F34B400B06E50 /* Base */,
			);
			name = LaunchScreen.storyboard;
			sourceTree = "<group>";
		};
/* End PBXVariantGroup section */

/* Begin XCBuildConfiguration section */
		0E858D002B4F34B400B06E50 /* Debug */ = {
			isa = XCBuildConfiguration;
			buildSettings = {
				ALWAYS_SEARCH_USER_PATHS = NO;
				CLANG_ANALYZER_NONNULL = YES;
				CLANG_ANALYZER_NUMBER_OBJECT_CONVERSION = YES_AGGRESSIVE;
				CLANG_CXX_LANGUAGE_STANDARD = "gnu++20";
				CLANG_ENABLE_MODULES = YES;
				CLANG_ENABLE_OBJC_ARC = YES;
				CLANG_ENABLE_OBJC_WEAK = YES;
				CLANG_WARN_BLOCK_CAPTURE_AUTORELEASING = YES;
				CLANG_WARN_BOOL_CONVERSION = YES;
				CLANG_WARN_COMMA = YES;
				CLANG_WARN_CONSTANT_CONVERSION = YES;
				CLANG_WARN_DEPRECATED_OBJC_IMPLEMENTATIONS = YES;
				CLANG_WARN_DIRECT_OBJC_ISA_USAGE = YES_ERROR;
				CLANG_WARN_DOCUMENTATION_COMMENTS = YES;
				CLANG_WARN_EMPTY_BODY = YES;
				CLANG_WARN_ENUM_CONVERSION = YES;
				CLANG_WARN_INFINITE_RECURSION = YES;
				CLANG_WARN_INT_CONVERSION = YES;
				CLANG_WARN_NON_LITERAL_NULL_CONVERSION = YES;
				CLANG_WARN_OBJC_IMPLICIT_RETAIN_SELF = YES;
				CLANG_WARN_OBJC_LITERAL_CONVERSION = YES;
				CLANG_WARN_OBJC_ROOT_CLASS = YES_ERROR;
				CLANG_WARN_QUOTED_INCLUDE_IN_FRAMEWORK_HEADER = YES;
				CLANG_WARN_RANGE_LOOP_ANALYSIS = YES;
				CLANG_WARN_STRICT_PROTOTYPES = YES;
				CLANG_WARN_SUSPICIOUS_MOVE = YES;
				CLANG_WARN_UNGUARDED_AVAILABILITY = YES_AGGRESSIVE;
				CLANG_WARN_UNREACHABLE_CODE = YES;
				CLANG_WARN__DUPLICATE_METHOD_MATCH = YES;
				COPY_PHASE_STRIP = NO;
				DEBUG_INFORMATION_FORMAT = dwarf;
				ENABLE_STRICT_OBJC_MSGSEND = YES;
				ENABLE_TESTABILITY = YES;
				GCC_C_LANGUAGE_STANDARD = gnu11;
				GCC_DYNAMIC_NO_PIC = NO;
				GCC_NO_COMMON_BLOCKS = YES;
				GCC_OPTIMIZATION_LEVEL = 0;
				GCC_PREPROCESSOR_DEFINITIONS = (
					"DEBUG=1",
					"$(inherited)",
				);
				GCC_WARN_64_TO_32_BIT_CONVERSION = YES;
				GCC_WARN_ABOUT_RETURN_TYPE = YES_ERROR;
				GCC_WARN_UNDECLARED_SELECTOR = YES;
				GCC_WARN_UNINITIALIZED_AUTOS = YES_AGGRESSIVE;
				GCC_WARN_UNUSED_FUNCTION = YES;
				GCC_WARN_UNUSED_VARIABLE = YES;
				IPHONEOS_DEPLOYMENT_TARGET = 16.2;
				MTL_ENABLE_DEBUG_INFO = INCLUDE_SOURCE;
				MTL_FAST_MATH = YES;
				ONLY_ACTIVE_ARCH = YES;
				SDKROOT = iphoneos;
				SWIFT_ACTIVE_COMPILATION_CONDITIONS = DEBUG;
				SWIFT_OPTIMIZATION_LEVEL = "-Onone";
			};
			name = Debug;
		};
		0E858D012B4F34B400B06E50 /* Release */ = {
			isa = XCBuildConfiguration;
			buildSettings = {
				ALWAYS_SEARCH_USER_PATHS = NO;
				CLANG_ANALYZER_NONNULL = YES;
				CLANG_ANALYZER_NUMBER_OBJECT_CONVERSION = YES_AGGRESSIVE;
				CLANG_CXX_LANGUAGE_STANDARD = "gnu++20";
				CLANG_ENABLE_MODULES = YES;
				CLANG_ENABLE_OBJC_ARC = YES;
				CLANG_ENABLE_OBJC_WEAK = YES;
				CLANG_WARN_BLOCK_CAPTURE_AUTORELEASING = YES;
				CLANG_WARN_BOOL_CONVERSION = YES;
				CLANG_WARN_COMMA = YES;
				CLANG_WARN_CONSTANT_CONVERSION = YES;
				CLANG_WARN_DEPRECATED_OBJC_IMPLEMENTATIONS = YES;
				CLANG_WARN_DIRECT_OBJC_ISA_USAGE = YES_ERROR;
				CLANG_WARN_DOCUMENTATION_COMMENTS = YES;
				CLANG_WARN_EMPTY_BODY = YES;
				CLANG_WARN_ENUM_CONVERSION = YES;
				CLANG_WARN_INFINITE_RECURSION = YES;
				CLANG_WARN_INT_CONVERSION = YES;
				CLANG_WARN_NON_LITERAL_NULL_CONVERSION = YES;
				CLANG_WARN_OBJC_IMPLICIT_RETAIN_SELF = YES;
				CLANG_WARN_OBJC_LITERAL_CONVERSION = YES;
				CLANG_WARN_OBJC_ROOT_CLASS = YES_ERROR;
				CLANG_WARN_QUOTED_INCLUDE_IN_FRAMEWORK_HEADER = YES;
				CLANG_WARN_RANGE_LOOP_ANALYSIS = YES;
				CLANG_WARN_STRICT_PROTOTYPES = YES;
				CLANG_WARN_SUSPICIOUS_MOVE = YES;
				CLANG_WARN_UNGUARDED_AVAILABILITY = YES_AGGRESSIVE;
				CLANG_WARN_UNREACHABLE_CODE = YES;
				CLANG_WARN__DUPLICATE_METHOD_MATCH = YES;
				COPY_PHASE_STRIP = NO;
				DEBUG_INFORMATION_FORMAT = "dwarf-with-dsym";
				ENABLE_NS_ASSERTIONS = NO;
				ENABLE_STRICT_OBJC_MSGSEND = YES;
				GCC_C_LANGUAGE_STANDARD = gnu11;
				GCC_NO_COMMON_BLOCKS = YES;
				GCC_WARN_64_TO_32_BIT_CONVERSION = YES;
				GCC_WARN_ABOUT_RETURN_TYPE = YES_ERROR;
				GCC_WARN_UNDECLARED_SELECTOR = YES;
				GCC_WARN_UNINITIALIZED_AUTOS = YES_AGGRESSIVE;
				GCC_WARN_UNUSED_FUNCTION = YES;
				GCC_WARN_UNUSED_VARIABLE = YES;
				IPHONEOS_DEPLOYMENT_TARGET = 16.2;
				MTL_ENABLE_DEBUG_INFO = NO;
				MTL_FAST_MATH = YES;
				SDKROOT = iphoneos;
				SWIFT_COMPILATION_MODE = wholemodule;
				SWIFT_OPTIMIZATION_LEVEL = "-O";
				VALIDATE_PRODUCT = YES;
			};
			name = Release;
		};
		0E858D032B4F34B400B06E50 /* Debug */ = {
			isa = XCBuildConfiguration;
			buildSettings = {
				ASSETCATALOG_COMPILER_APPICON_NAME = AppIcon;
				ASSETCATALOG_COMPILER_GLOBAL_ACCENT_COLOR_NAME = AccentColor;
				CODE_SIGN_STYLE = Automatic;
				CURRENT_PROJECT_VERSION = 1;
				DEVELOPMENT_TEAM = 6HT5X4W7TW;
				GENERATE_INFOPLIST_FILE = YES;
				INFOPLIST_FILE = "CryptoApp-MVVM/Info.plist";
				INFOPLIST_KEY_UIApplicationSupportsIndirectInputEvents = YES;
				INFOPLIST_KEY_UILaunchStoryboardName = LaunchScreen;
				INFOPLIST_KEY_UIMainStoryboardFile = Main;
				INFOPLIST_KEY_UISupportedInterfaceOrientations_iPad = "UIInterfaceOrientationPortrait UIInterfaceOrientationPortraitUpsideDown UIInterfaceOrientationLandscapeLeft UIInterfaceOrientationLandscapeRight";
				INFOPLIST_KEY_UISupportedInterfaceOrientations_iPhone = "UIInterfaceOrientationPortrait UIInterfaceOrientationLandscapeLeft UIInterfaceOrientationLandscapeRight";
				LD_RUNPATH_SEARCH_PATHS = (
					"$(inherited)",
					"@executable_path/Frameworks",
				);
				MARKETING_VERSION = 1.0;
				PRODUCT_BUNDLE_IDENTIFIER = "com.ahmettunahanbekdas.CryptoApp-MVVM";
				PRODUCT_NAME = "$(TARGET_NAME)";
				SWIFT_EMIT_LOC_STRINGS = YES;
				SWIFT_VERSION = 5.0;
				TARGETED_DEVICE_FAMILY = "1,2";
			};
			name = Debug;
		};
		0E858D042B4F34B400B06E50 /* Release */ = {
			isa = XCBuildConfiguration;
			buildSettings = {
				ASSETCATALOG_COMPILER_APPICON_NAME = AppIcon;
				ASSETCATALOG_COMPILER_GLOBAL_ACCENT_COLOR_NAME = AccentColor;
				CODE_SIGN_STYLE = Automatic;
				CURRENT_PROJECT_VERSION = 1;
				DEVELOPMENT_TEAM = 6HT5X4W7TW;
				GENERATE_INFOPLIST_FILE = YES;
				INFOPLIST_FILE = "CryptoApp-MVVM/Info.plist";
				INFOPLIST_KEY_UIApplicationSupportsIndirectInputEvents = YES;
				INFOPLIST_KEY_UILaunchStoryboardName = LaunchScreen;
				INFOPLIST_KEY_UIMainStoryboardFile = Main;
				INFOPLIST_KEY_UISupportedInterfaceOrientations_iPad = "UIInterfaceOrientationPortrait UIInterfaceOrientationPortraitUpsideDown UIInterfaceOrientationLandscapeLeft UIInterfaceOrientationLandscapeRight";
				INFOPLIST_KEY_UISupportedInterfaceOrientations_iPhone = "UIInterfaceOrientationPortrait UIInterfaceOrientationLandscapeLeft UIInterfaceOrientationLandscapeRight";
				LD_RUNPATH_SEARCH_PATHS = (
					"$(inherited)",
					"@executable_path/Frameworks",
				);
				MARKETING_VERSION = 1.0;
				PRODUCT_BUNDLE_IDENTIFIER = "com.ahmettunahanbekdas.CryptoApp-MVVM";
				PRODUCT_NAME = "$(TARGET_NAME)";
				SWIFT_EMIT_LOC_STRINGS = YES;
				SWIFT_VERSION = 5.0;
				TARGETED_DEVICE_FAMILY = "1,2";
			};
			name = Release;
		};
/* End XCBuildConfiguration section */

/* Begin XCConfigurationList section */
		0E858CE92B4F34B300B06E50 /* Build configuration list for PBXProject "CryptoApp-MVVM" */ = {
			isa = XCConfigurationList;
			buildConfigurations = (
				0E858D002B4F34B400B06E50 /* Debug */,
				0E858D012B4F34B400B06E50 /* Release */,
			);
			defaultConfigurationIsVisible = 0;
			defaultConfigurationName = Release;
		};
		0E858D022B4F34B400B06E50 /* Build configuration list for PBXNativeTarget "CryptoApp-MVVM" */ = {
			isa = XCConfigurationList;
			buildConfigurations = (
				0E858D032B4F34B400B06E50 /* Debug */,
				0E858D042B4F34B400B06E50 /* Release */,
			);
			defaultConfigurationIsVisible = 0;
			defaultConfigurationName = Release;
		};
/* End XCConfigurationList section */

/* Begin XCRemoteSwiftPackageReference section */
		0ECAFBE22B515A1700AD3CCB /* XCRemoteSwiftPackageReference "RxSwift" */ = {
			isa = XCRemoteSwiftPackageReference;
			repositoryURL = "https://github.com/ReactiveX/RxSwift";
			requirement = {
				kind = upToNextMajorVersion;
				minimumVersion = 6.0.0;
			};
		};
/* End XCRemoteSwiftPackageReference section */

/* Begin XCSwiftPackageProductDependency section */
		0ECAFBE32B515A1700AD3CCB /* RxCocoa */ = {
			isa = XCSwiftPackageProductDependency;
			package = 0ECAFBE22B515A1700AD3CCB /* XCRemoteSwiftPackageReference "RxSwift" */;
			productName = RxCocoa;
		};
		0ECAFBE52B515A1700AD3CCB /* RxSwift */ = {
			isa = XCSwiftPackageProductDependency;
			package = 0ECAFBE22B515A1700AD3CCB /* XCRemoteSwiftPackageReference "RxSwift" */;
			productName = RxSwift;
		};
/* End XCSwiftPackageProductDependency section */
	};
	rootObject = 0E858CE62B4F34B300B06E50 /* Project object */;
}
